{
    "version": 3,
    "terraform_version": "0.11.14",
    "serial": 23,
    "lineage": "380fafc0-8ae3-4bfa-53c0-e44b2a37fa13",
    "modules": [
        {
            "path": [
                "root"
            ],
            "outputs": {},
            "resources": {},
            "depends_on": []
        },
        {
            "path": [
                "root",
                "gke"
            ],
            "outputs": {
                "client_certificate": {
                    "sensitive": true,
                    "type": "string",
                    "value": ""
                },
                "client_key": {
                    "sensitive": true,
                    "type": "string",
                    "value": ""
                },
                "cluster_ca_certificate": {
                    "sensitive": true,
                    "type": "string",
                    "value": "LS0tLS1CRUdJTiBDRVJUSUZJQ0FURS0tLS0tCk1JSURERENDQWZTZ0F3SUJBZ0lSQUxZcTZoS1ZveEhxOEM5YStPVVhTUE13RFFZSktvWklodmNOQVFFTEJRQXcKTHpFdE1Dc0dBMVVFQXhNa01qQXlZemxqTUdNdE9USmlNaTAwTmpoa0xXSTBORE10WkRVNVlUUTJaVGd3TlRFNApNQjRYRFRFNU1EWXlOakV5TXpJd00xb1hEVEkwTURZeU5ERXpNekl3TTFvd0x6RXRNQ3NHQTFVRUF4TWtNakF5Cll6bGpNR010T1RKaU1pMDBOamhrTFdJME5ETXRaRFU1WVRRMlpUZ3dOVEU0TUlJQklqQU5CZ2txaGtpRzl3MEIKQVFFRkFBT0NBUThBTUlJQkNnS0NBUUVBdGxEUW1qMlNPTEdkVDhsdHhITUp0b2YrWXYzSjE5R0hxTll2YzRMcgpkaUxmeXB2KzdDQUw4TUxLQmFORHZoMFVHMFJjYnkvUDRXR2ZLSVd0QURJV1pxbmpiMnBNVFgwTVp4bGIvZ3V6CjYrWFVCV3dEWU9PSnpEQmRMSi9oZFp5NjdZRE9kV2dEczY5YnpYQjh5UzFNdGZEcVJkVTE0THdmVUtOVi9jR3gKYmZNbmw1YVY2b1doNGJhY0s0elRTYjF4SHFaUzVoN0Zvc0VZZjBrUEw5YWZ1QzlnYUNIcDRUdWJCeE1xLzlvUwpXaDVKb1FCM09qUnJNZS9NNER2MjNEakFTZVJtVHFNRHZLZmJnL1hGYnU2R0paeDBOZWRldnUzYVI1SFh3YmNvCm0ySHlNM0RBYURpdFJzOEppMW9Ucjk4RUZXMGhwUXAyRFY2bHNIUjlhVHRRUlFJREFRQUJveU13SVRBT0JnTlYKSFE4QkFmOEVCQU1DQWdRd0R3WURWUjBUQVFIL0JBVXdBd0VCL3pBTkJna3Foa2lHOXcwQkFRc0ZBQU9DQVFFQQpyOXBZam83YTE0c3ZsdTkvbU5PaHFyb0dRNjVROTBQMWExOExnQ1RVSHJaUzVUK01RYVh4SXA4SHI2bENxSzJZCjkzNXNKQy85U21ZekhnOWNHb0xFUnd4ZVRTektaM2FLRnJmL3d0NTJTbTAva1pxaVg1SXVaMTc3SmZVa2FYVncKN0ExN1ZvWGk3Wk5RVWZZYTVTVmcvSC9WaXVPNHpLbDhVMTlod3I0dlpDQ0NMZnFPYVNkelZMVFk2Mk04K1hzSwp6bkN0cE41eFExUENXRG9CbFh6QmNDZjRTdllLOFZlZUtrdEIyMXdZTzZuL212UnlWczJBTnkzbjhka1phRGd4CnRocTBTaWVzVXJENWpEOFBTNnZSaGhTWmlpY3BMcDEzQ1FmTVU4TU1PdnpVcmwxd2NtNzI3M1FuRHZ4eXdadEsKQkNwUWJkb09kMUZpMFZnNFZTalFNZz09Ci0tLS0tRU5EIENFUlRJRklDQVRFLS0tLS0K"
                },
                "host": {
                    "sensitive": true,
                    "type": "string",
                    "value": "34.74.81.66"
                }
            },
            "resources": {
                "google_container_cluster.summer-service": {
                    "type": "google_container_cluster",
                    "depends_on": [],
                    "primary": {
                        "id": "summer-service",
                        "attributes": {
                            "additional_zones.#": "0",
                            "addons_config.#": "1",
                            "addons_config.0.horizontal_pod_autoscaling.#": "0",
                            "addons_config.0.http_load_balancing.#": "0",
                            "addons_config.0.kubernetes_dashboard.#": "1",
                            "addons_config.0.kubernetes_dashboard.0.disabled": "true",
                            "addons_config.0.network_policy_config.#": "1",
                            "addons_config.0.network_policy_config.0.disabled": "true",
                            "cluster_autoscaling.#": "0",
                            "cluster_ipv4_cidr": "10.28.0.0/14",
                            "description": "",
                            "enable_kubernetes_alpha": "false",
                            "enable_legacy_abac": "false",
                            "endpoint": "34.74.81.66",
                            "id": "summer-service",
                            "initial_node_count": "2",
                            "instance_group_urls.#": "1",
                            "instance_group_urls.0": "https://www.googleapis.com/compute/v1/projects/summer-camp-244710/zones/us-east1-b/instanceGroups/gke-summer-service-default-pool-65351669-grp",
                            "ip_allocation_policy.#": "0",
                            "location": "us-east1-b",
                            "logging_service": "logging.googleapis.com",
                            "maintenance_policy.#": "0",
                            "master_auth.#": "1",
                            "master_auth.0.client_certificate": "",
                            "master_auth.0.client_certificate_config.#": "1",
                            "master_auth.0.client_certificate_config.0.issue_client_certificate": "false",
                            "master_auth.0.client_key": "",
                            "master_auth.0.cluster_ca_certificate": "LS0tLS1CRUdJTiBDRVJUSUZJQ0FURS0tLS0tCk1JSURERENDQWZTZ0F3SUJBZ0lSQUxZcTZoS1ZveEhxOEM5YStPVVhTUE13RFFZSktvWklodmNOQVFFTEJRQXcKTHpFdE1Dc0dBMVVFQXhNa01qQXlZemxqTUdNdE9USmlNaTAwTmpoa0xXSTBORE10WkRVNVlUUTJaVGd3TlRFNApNQjRYRFRFNU1EWXlOakV5TXpJd00xb1hEVEkwTURZeU5ERXpNekl3TTFvd0x6RXRNQ3NHQTFVRUF4TWtNakF5Cll6bGpNR010T1RKaU1pMDBOamhrTFdJME5ETXRaRFU1WVRRMlpUZ3dOVEU0TUlJQklqQU5CZ2txaGtpRzl3MEIKQVFFRkFBT0NBUThBTUlJQkNnS0NBUUVBdGxEUW1qMlNPTEdkVDhsdHhITUp0b2YrWXYzSjE5R0hxTll2YzRMcgpkaUxmeXB2KzdDQUw4TUxLQmFORHZoMFVHMFJjYnkvUDRXR2ZLSVd0QURJV1pxbmpiMnBNVFgwTVp4bGIvZ3V6CjYrWFVCV3dEWU9PSnpEQmRMSi9oZFp5NjdZRE9kV2dEczY5YnpYQjh5UzFNdGZEcVJkVTE0THdmVUtOVi9jR3gKYmZNbmw1YVY2b1doNGJhY0s0elRTYjF4SHFaUzVoN0Zvc0VZZjBrUEw5YWZ1QzlnYUNIcDRUdWJCeE1xLzlvUwpXaDVKb1FCM09qUnJNZS9NNER2MjNEakFTZVJtVHFNRHZLZmJnL1hGYnU2R0paeDBOZWRldnUzYVI1SFh3YmNvCm0ySHlNM0RBYURpdFJzOEppMW9Ucjk4RUZXMGhwUXAyRFY2bHNIUjlhVHRRUlFJREFRQUJveU13SVRBT0JnTlYKSFE4QkFmOEVCQU1DQWdRd0R3WURWUjBUQVFIL0JBVXdBd0VCL3pBTkJna3Foa2lHOXcwQkFRc0ZBQU9DQVFFQQpyOXBZam83YTE0c3ZsdTkvbU5PaHFyb0dRNjVROTBQMWExOExnQ1RVSHJaUzVUK01RYVh4SXA4SHI2bENxSzJZCjkzNXNKQy85U21ZekhnOWNHb0xFUnd4ZVRTektaM2FLRnJmL3d0NTJTbTAva1pxaVg1SXVaMTc3SmZVa2FYVncKN0ExN1ZvWGk3Wk5RVWZZYTVTVmcvSC9WaXVPNHpLbDhVMTlod3I0dlpDQ0NMZnFPYVNkelZMVFk2Mk04K1hzSwp6bkN0cE41eFExUENXRG9CbFh6QmNDZjRTdllLOFZlZUtrdEIyMXdZTzZuL212UnlWczJBTnkzbjhka1phRGd4CnRocTBTaWVzVXJENWpEOFBTNnZSaGhTWmlpY3BMcDEzQ1FmTVU4TU1PdnpVcmwxd2NtNzI3M1FuRHZ4eXdadEsKQkNwUWJkb09kMUZpMFZnNFZTalFNZz09Ci0tLS0tRU5EIENFUlRJRklDQVRFLS0tLS0K",
                            "master_auth.0.password": "m8XBWrg2zt8R8JoH1",
                            "master_auth.0.username": "admin",
                            "master_authorized_networks_config.#": "0",
                            "master_version": "1.12.8-gke.10",
                            "monitoring_service": "monitoring.googleapis.com",
                            "name": "summer-service",
                            "network": "projects/summer-camp-244710/global/networks/default",
                            "network_policy.#": "1",
                            "network_policy.0.enabled": "false",
                            "network_policy.0.provider": "PROVIDER_UNSPECIFIED",
                            "node_config.#": "1",
                            "node_config.0.disk_size_gb": "100",
                            "node_config.0.disk_type": "pd-standard",
                            "node_config.0.guest_accelerator.#": "0",
                            "node_config.0.image_type": "COS",
                            "node_config.0.labels.%": "0",
                            "node_config.0.local_ssd_count": "0",
                            "node_config.0.machine_type": "g1-small",
                            "node_config.0.metadata.%": "1",
                            "node_config.0.metadata.disable-legacy-endpoints": "true",
                            "node_config.0.min_cpu_platform": "",
                            "node_config.0.oauth_scopes.#": "7",
                            "node_config.0.oauth_scopes.1277378754": "https://www.googleapis.com/auth/monitoring",
                            "node_config.0.oauth_scopes.1632638332": "https://www.googleapis.com/auth/devstorage.read_only",
                            "node_config.0.oauth_scopes.172152165": "https://www.googleapis.com/auth/logging.write",
                            "node_config.0.oauth_scopes.299962681": "https://www.googleapis.com/auth/compute",
                            "node_config.0.oauth_scopes.316356861": "https://www.googleapis.com/auth/service.management.readonly",
                            "node_config.0.oauth_scopes.3663490875": "https://www.googleapis.com/auth/servicecontrol",
                            "node_config.0.oauth_scopes.3859019814": "https://www.googleapis.com/auth/trace.append",
                            "node_config.0.preemptible": "false",
                            "node_config.0.service_account": "default",
                            "node_config.0.tags.#": "0",
                            "node_config.0.taint.#": "0",
                            "node_config.0.workload_metadata_config.#": "0",
                            "node_locations.#": "0",
                            "node_pool.#": "1",
                            "node_pool.0.autoscaling.#": "0",
                            "node_pool.0.initial_node_count": "2",
                            "node_pool.0.instance_group_urls.#": "1",
                            "node_pool.0.instance_group_urls.0": "https://www.googleapis.com/compute/v1/projects/summer-camp-244710/zones/us-east1-b/instanceGroupManagers/gke-summer-service-default-pool-65351669-grp",
                            "node_pool.0.management.#": "1",
                            "node_pool.0.management.0.auto_repair": "false",
                            "node_pool.0.management.0.auto_upgrade": "false",
                            "node_pool.0.max_pods_per_node": "0",
                            "node_pool.0.name": "default-pool",
                            "node_pool.0.name_prefix": "",
                            "node_pool.0.node_config.#": "1",
                            "node_pool.0.node_config.0.disk_size_gb": "100",
                            "node_pool.0.node_config.0.disk_type": "pd-standard",
                            "node_pool.0.node_config.0.guest_accelerator.#": "0",
                            "node_pool.0.node_config.0.image_type": "COS",
                            "node_pool.0.node_config.0.labels.%": "0",
                            "node_pool.0.node_config.0.local_ssd_count": "0",
                            "node_pool.0.node_config.0.machine_type": "g1-small",
                            "node_pool.0.node_config.0.metadata.%": "1",
                            "node_pool.0.node_config.0.metadata.disable-legacy-endpoints": "true",
                            "node_pool.0.node_config.0.min_cpu_platform": "",
                            "node_pool.0.node_config.0.oauth_scopes.#": "7",
                            "node_pool.0.node_config.0.oauth_scopes.1277378754": "https://www.googleapis.com/auth/monitoring",
                            "node_pool.0.node_config.0.oauth_scopes.1632638332": "https://www.googleapis.com/auth/devstorage.read_only",
                            "node_pool.0.node_config.0.oauth_scopes.172152165": "https://www.googleapis.com/auth/logging.write",
                            "node_pool.0.node_config.0.oauth_scopes.299962681": "https://www.googleapis.com/auth/compute",
                            "node_pool.0.node_config.0.oauth_scopes.316356861": "https://www.googleapis.com/auth/service.management.readonly",
                            "node_pool.0.node_config.0.oauth_scopes.3663490875": "https://www.googleapis.com/auth/servicecontrol",
                            "node_pool.0.node_config.0.oauth_scopes.3859019814": "https://www.googleapis.com/auth/trace.append",
                            "node_pool.0.node_config.0.preemptible": "false",
                            "node_pool.0.node_config.0.service_account": "default",
                            "node_pool.0.node_config.0.tags.#": "0",
                            "node_pool.0.node_config.0.taint.#": "0",
                            "node_pool.0.node_config.0.workload_metadata_config.#": "0",
                            "node_pool.0.node_count": "2",
                            "node_pool.0.version": "1.12.8-gke.10",
                            "node_version": "1.12.8-gke.10",
                            "private_cluster_config.#": "0",
                            "project": "summer-camp-244710",
                            "resource_labels.%": "0",
                            "services_ipv4_cidr": "10.31.240.0/20",
                            "subnetwork": "projects/summer-camp-244710/regions/us-east1/subnetworks/default",
                            "zone": "us-east1-b"
                        },
                        "meta": {
                            "e2bfb730-ecaa-11e6-8f88-34363bc7c4c0": {
                                "create": 1800000000000,
                                "delete": 1800000000000,
                                "update": 3600000000000
                            },
                            "schema_version": "1"
                        },
                        "tainted": false
                    },
                    "deposed": [],
                    "provider": "module.gke.provider.google"
                }
            },
            "depends_on": []
        },
        {
            "path": [
                "root",
                "k8s"
            ],
            "outputs": {
                "lb_ip": {
                    "sensitive": false,
                    "type": "string",
                    "value": "35.227.104.181"
                }
            },
            "resources": {
                "kubernetes_replication_controller.summer-service": {
                    "type": "kubernetes_replication_controller",
                    "depends_on": [],
                    "primary": {
                        "id": "default/summer-service",
                        "attributes": {
                            "id": "default/summer-service",
                            "metadata.#": "1",
                            "metadata.0.annotations.%": "0",
                            "metadata.0.generate_name": "",
                            "metadata.0.generation": "1",
                            "metadata.0.labels.%": "3",
                            "metadata.0.labels.app": "summer-service",
                            "metadata.0.labels.role": "master",
                            "metadata.0.labels.tier": "backend",
                            "metadata.0.name": "summer-service",
                            "metadata.0.namespace": "default",
                            "metadata.0.resource_version": "768",
                            "metadata.0.self_link": "/api/v1/namespaces/default/replicationcontrollers/summer-service",
                            "metadata.0.uid": "1cd01ef1-9817-11e9-b999-42010a8e0064",
                            "spec.#": "1",
                            "spec.0.min_ready_seconds": "0",
                            "spec.0.replicas": "2",
                            "spec.0.selector.%": "3",
                            "spec.0.selector.app": "summer-service",
                            "spec.0.selector.role": "master",
                            "spec.0.selector.tier": "backend",
                            "spec.0.template.#": "1",
                            "spec.0.template.0.active_deadline_seconds": "0",
                            "spec.0.template.0.affinity.#": "0",
                            "spec.0.template.0.container.#": "0",
                            "spec.0.template.0.dns_config.#": "0",
                            "spec.0.template.0.dns_policy": "",
                            "spec.0.template.0.host_aliases.#": "0",
                            "spec.0.template.0.host_ipc": "false",
                            "spec.0.template.0.host_network": "false",
                            "spec.0.template.0.host_pid": "false",
                            "spec.0.template.0.hostname": "",
                            "spec.0.template.0.image_pull_secrets.#": "0",
                            "spec.0.template.0.init_container.#": "0",
                            "spec.0.template.0.metadata.#": "1",
                            "spec.0.template.0.metadata.0.annotations.%": "0",
                            "spec.0.template.0.metadata.0.generate_name": "",
                            "spec.0.template.0.metadata.0.generation": "0",
                            "spec.0.template.0.metadata.0.labels.%": "4",
                            "spec.0.template.0.metadata.0.labels.app": "summer-service",
                            "spec.0.template.0.metadata.0.labels.role": "master",
                            "spec.0.template.0.metadata.0.labels.summer-service": "summer-service",
                            "spec.0.template.0.metadata.0.labels.tier": "backend",
                            "spec.0.template.0.metadata.0.name": "",
                            "spec.0.template.0.metadata.0.namespace": "default",
                            "spec.0.template.0.metadata.0.resource_version": "",
                            "spec.0.template.0.metadata.0.self_link": "",
                            "spec.0.template.0.metadata.0.uid": "",
                            "spec.0.template.0.node_name": "",
                            "spec.0.template.0.node_selector.%": "0",
                            "spec.0.template.0.restart_policy": "",
                            "spec.0.template.0.security_context.#": "0",
                            "spec.0.template.0.service_account_name": "",
                            "spec.0.template.0.spec.#": "1",
                            "spec.0.template.0.spec.0.active_deadline_seconds": "0",
                            "spec.0.template.0.spec.0.affinity.#": "0",
                            "spec.0.template.0.spec.0.container.#": "1",
                            "spec.0.template.0.spec.0.container.0.args.#": "0",
                            "spec.0.template.0.spec.0.container.0.command.#": "0",
                            "spec.0.template.0.spec.0.container.0.env.#": "0",
                            "spec.0.template.0.spec.0.container.0.env_from.#": "0",
                            "spec.0.template.0.spec.0.container.0.image": "gcr.io/summer-camp-244710/summer_app:latest",
                            "spec.0.template.0.spec.0.container.0.image_pull_policy": "Always",
                            "spec.0.template.0.spec.0.container.0.lifecycle.#": "0",
                            "spec.0.template.0.spec.0.container.0.liveness_probe.#": "1",
                            "spec.0.template.0.spec.0.container.0.liveness_probe.0.exec.#": "0",
                            "spec.0.template.0.spec.0.container.0.liveness_probe.0.failure_threshold": "3",
                            "spec.0.template.0.spec.0.container.0.liveness_probe.0.http_get.#": "1",
                            "spec.0.template.0.spec.0.container.0.liveness_probe.0.http_get.0.host": "",
                            "spec.0.template.0.spec.0.container.0.liveness_probe.0.http_get.0.http_header.#": "0",
                            "spec.0.template.0.spec.0.container.0.liveness_probe.0.http_get.0.path": "/health",
                            "spec.0.template.0.spec.0.container.0.liveness_probe.0.http_get.0.port": "8081",
                            "spec.0.template.0.spec.0.container.0.liveness_probe.0.http_get.0.scheme": "HTTP",
                            "spec.0.template.0.spec.0.container.0.liveness_probe.0.initial_delay_seconds": "5",
                            "spec.0.template.0.spec.0.container.0.liveness_probe.0.period_seconds": "10",
                            "spec.0.template.0.spec.0.container.0.liveness_probe.0.success_threshold": "1",
                            "spec.0.template.0.spec.0.container.0.liveness_probe.0.tcp_socket.#": "0",
                            "spec.0.template.0.spec.0.container.0.liveness_probe.0.timeout_seconds": "1",
                            "spec.0.template.0.spec.0.container.0.name": "master",
                            "spec.0.template.0.spec.0.container.0.port.#": "1",
                            "spec.0.template.0.spec.0.container.0.port.0.container_port": "8081",
                            "spec.0.template.0.spec.0.container.0.port.0.host_ip": "",
                            "spec.0.template.0.spec.0.container.0.port.0.host_port": "0",
                            "spec.0.template.0.spec.0.container.0.port.0.name": "",
                            "spec.0.template.0.spec.0.container.0.port.0.protocol": "TCP",
                            "spec.0.template.0.spec.0.container.0.readiness_probe.#": "0",
                            "spec.0.template.0.spec.0.container.0.resources.#": "1",
                            "spec.0.template.0.spec.0.container.0.resources.0.limits.#": "0",
                            "spec.0.template.0.spec.0.container.0.resources.0.requests.#": "1",
                            "spec.0.template.0.spec.0.container.0.resources.0.requests.0.cpu": "50m",
                            "spec.0.template.0.spec.0.container.0.resources.0.requests.0.memory": "50Mi",
                            "spec.0.template.0.spec.0.container.0.security_context.#": "0",
                            "spec.0.template.0.spec.0.container.0.stdin": "false",
                            "spec.0.template.0.spec.0.container.0.stdin_once": "false",
                            "spec.0.template.0.spec.0.container.0.termination_message_path": "/dev/termination-log",
                            "spec.0.template.0.spec.0.container.0.tty": "false",
                            "spec.0.template.0.spec.0.container.0.volume_mount.#": "0",
                            "spec.0.template.0.spec.0.container.0.working_dir": "",
                            "spec.0.template.0.spec.0.dns_config.#": "0",
                            "spec.0.template.0.spec.0.dns_policy": "ClusterFirst",
                            "spec.0.template.0.spec.0.host_aliases.#": "0",
                            "spec.0.template.0.spec.0.host_ipc": "false",
                            "spec.0.template.0.spec.0.host_network": "false",
                            "spec.0.template.0.spec.0.host_pid": "false",
                            "spec.0.template.0.spec.0.hostname": "",
                            "spec.0.template.0.spec.0.image_pull_secrets.#": "0",
                            "spec.0.template.0.spec.0.init_container.#": "0",
                            "spec.0.template.0.spec.0.node_name": "",
                            "spec.0.template.0.spec.0.node_selector.%": "0",
                            "spec.0.template.0.spec.0.restart_policy": "Always",
                            "spec.0.template.0.spec.0.security_context.#": "0",
                            "spec.0.template.0.spec.0.service_account_name": "",
                            "spec.0.template.0.spec.0.subdomain": "",
                            "spec.0.template.0.spec.0.termination_grace_period_seconds": "0",
                            "spec.0.template.0.spec.0.volume.#": "0",
                            "spec.0.template.0.subdomain": "",
                            "spec.0.template.0.termination_grace_period_seconds": "0",
                            "spec.0.template.0.volume.#": "0"
                        },
                        "meta": {
                            "e2bfb730-ecaa-11e6-8f88-34363bc7c4c0": {
                                "create": 600000000000,
                                "delete": 600000000000,
                                "update": 600000000000
                            }
                        },
                        "tainted": false
                    },
                    "deposed": [],
                    "provider": "module.k8s.provider.kubernetes"
                },
                "kubernetes_service.summer-service": {
                    "type": "kubernetes_service",
                    "depends_on": [],
                    "primary": {
                        "id": "default/summer-service",
                        "attributes": {
                            "id": "default/summer-service",
                            "load_balancer_ingress.#": "1",
                            "load_balancer_ingress.0.hostname": "",
                            "load_balancer_ingress.0.ip": "35.227.104.181",
                            "metadata.#": "1",
                            "metadata.0.annotations.%": "0",
                            "metadata.0.generate_name": "",
                            "metadata.0.generation": "0",
                            "metadata.0.labels.%": "3",
                            "metadata.0.labels.app": "summer-service",
                            "metadata.0.labels.role": "master",
                            "metadata.0.labels.tier": "backend",
                            "metadata.0.name": "summer-service",
                            "metadata.0.namespace": "default",
                            "metadata.0.resource_version": "10883",
                            "metadata.0.self_link": "/api/v1/namespaces/default/services/summer-service",
                            "metadata.0.uid": "1ccdfe78-9817-11e9-b999-42010a8e0064",
                            "spec.#": "1",
                            "spec.0.cluster_ip": "10.31.246.244",
                            "spec.0.external_ips.#": "0",
                            "spec.0.external_name": "",
                            "spec.0.external_traffic_policy": "Cluster",
                            "spec.0.load_balancer_ip": "",
                            "spec.0.load_balancer_source_ranges.#": "0",
                            "spec.0.port.#": "1",
                            "spec.0.port.0.name": "",
                            "spec.0.port.0.node_port": "30394",
                            "spec.0.port.0.port": "80",
                            "spec.0.port.0.protocol": "TCP",
                            "spec.0.port.0.target_port": "8081",
                            "spec.0.publish_not_ready_addresses": "false",
                            "spec.0.selector.%": "1",
                            "spec.0.selector.app": "summer-service",
                            "spec.0.session_affinity": "None",
                            "spec.0.type": "LoadBalancer"
                        },
                        "meta": {},
                        "tainted": false
                    },
                    "deposed": [],
                    "provider": "module.k8s.provider.kubernetes"
                }
            },
            "depends_on": []
        }
    ]
}
